
Microsoft Visual Studio Solution File, Format Version 12.00
# Visual Studio Version 17
VisualStudioVersion = 17.7.34202.233
MinimumVisualStudioVersion = 10.0.40219.1
Project("{9A19103F-16F7-4668-BE54-9A1E7A4F7556}") = "ToDoH2", "ToDoH2\ToDoH2.csproj", "{EAE8630E-A493-4B03-8E60-DD40306BF099}"
EndProject
Project("{9A19103F-16F7-4668-BE54-9A1E7A4F7556}") = "ToDo_Domain", "ToDo_Domain\ToDo_Domain.csproj", "{DC18AF99-6F42-4D06-83F4-2239260D825F}"
EndProject
Project("{9A19103F-16F7-4668-BE54-9A1E7A4F7556}") = "ToDo_Services", "ToDo_Services\ToDo_Services.csproj", "{7EFA3FC3-A0D2-4783-B822-39702206A859}"
EndProject
Global
	GlobalSection(SolutionConfigurationPlatforms) = preSolution
		Debug|Any CPU = Debug|Any CPU
		Release|Any CPU = Release|Any CPU
	EndGlobalSection
	GlobalSection(ProjectConfigurationPlatforms) = postSolution
		{EAE8630E-A493-4B03-8E60-DD40306BF099}.Debug|Any CPU.ActiveCfg = Debug|Any CPU
		{EAE8630E-A493-4B03-8E60-DD40306BF099}.Debug|Any CPU.Build.0 = Debug|Any CPU
		{EAE8630E-A493-4B03-8E60-DD40306BF099}.Release|Any CPU.ActiveCfg = Release|Any CPU
		{EAE8630E-A493-4B03-8E60-DD40306BF099}.Release|Any CPU.Build.0 = Release|Any CPU
		{DC18AF99-6F42-4D06-83F4-2239260D825F}.Debug|Any CPU.ActiveCfg = Debug|Any CPU
		{DC18AF99-6F42-4D06-83F4-2239260D825F}.Debug|Any CPU.Build.0 = Debug|Any CPU
		{DC18AF99-6F42-4D06-83F4-2239260D825F}.Release|Any CPU.ActiveCfg = Release|Any CPU
		{DC18AF99-6F42-4D06-83F4-2239260D825F}.Release|Any CPU.Build.0 = Release|Any CPU
		{7EFA3FC3-A0D2-4783-B822-39702206A859}.Debug|Any CPU.ActiveCfg = Debug|Any CPU
		{7EFA3FC3-A0D2-4783-B822-39702206A859}.Debug|Any CPU.Build.0 = Debug|Any CPU
		{7EFA3FC3-A0D2-4783-B822-39702206A859}.Release|Any CPU.ActiveCfg = Release|Any CPU
		{7EFA3FC3-A0D2-4783-B822-39702206A859}.Release|Any CPU.Build.0 = Release|Any CPU
	EndGlobalSection
	GlobalSection(SolutionProperties) = preSolution
		HideSolutionNode = FALSE
	EndGlobalSection
	GlobalSection(ExtensibilityGlobals) = postSolution
		SolutionGuid = {797CF0FD-C76E-4A08-AB8E-D48BE6E5D068}
	EndGlobalSection
EndGlobal
